
Microsoft Visual Studio Solution File, Format Version 12.00
# Visual Studio Version 17
VisualStudioVersion = 17.9.34728.123
MinimumVisualStudioVersion = 10.0.40219.1
Project("{FAE04EC0-301F-11D3-BF4B-00C04F79EFBC}") = "MovieRankingBlazor", "MovieRankingBlazor.csproj", "{ABA45509-4C43-4DF1-8C7E-27A373FC3152}"
EndProject
Global
	GlobalSection(SolutionConfigurationPlatforms) = preSolution
		Debug|Any CPU = Debug|Any CPU
		Release|Any CPU = Release|Any CPU
	EndGlobalSection
	GlobalSection(ProjectConfigurationPlatforms) = postSolution
		{ABA45509-4C43-4DF1-8C7E-27A373FC3152}.Debug|Any CPU.ActiveCfg = Debug|Any CPU
		{ABA45509-4C43-4DF1-8C7E-27A373FC3152}.Debug|Any CPU.Build.0 = Debug|Any CPU
		{ABA45509-4C43-4DF1-8C7E-27A373FC3152}.Release|Any CPU.ActiveCfg = Release|Any CPU
		{ABA45509-4C43-4DF1-8C7E-27A373FC3152}.Release|Any CPU.Build.0 = Release|Any CPU
	EndGlobalSection
	GlobalSection(SolutionProperties) = preSolution
		HideSolutionNode = FALSE
	EndGlobalSection
	GlobalSection(ExtensibilityGlobals) = postSolution
		SolutionGuid = {7953FDC9-0E99-45DB-AEB4-D8A1E1DB9165}
	EndGlobalSection
EndGlobal
